
Microsoft Visual Studio Solution File, Format Version 12.00
# Visual Studio 15
VisualStudioVersion = 15.0.28010.2003
MinimumVisualStudioVersion = 10.0.40219.1
Project("{FAE04EC0-301F-11D3-BF4B-00C04F79EFBC}") = "GPSHAddressLocationEngine", "GPSHAddressLocationEngine\GPSHAddressLocationEngine.csproj", "{B253773E-53AD-4707-97B1-276A2CC07362}"
EndProject
Global
	GlobalSection(SolutionConfigurationPlatforms) = preSolution
		Debug|Any CPU = Debug|Any CPU
		Release|Any CPU = Release|Any CPU
	EndGlobalSection
	GlobalSection(ProjectConfigurationPlatforms) = postSolution
		{B253773E-53AD-4707-97B1-276A2CC07362}.Debug|Any CPU.ActiveCfg = Debug|Any CPU
		{B253773E-53AD-4707-97B1-276A2CC07362}.Debug|Any CPU.Build.0 = Debug|Any CPU
		{B253773E-53AD-4707-97B1-276A2CC07362}.Release|Any CPU.ActiveCfg = Release|Any CPU
		{B253773E-53AD-4707-97B1-276A2CC07362}.Release|Any CPU.Build.0 = Release|Any CPU
	EndGlobalSection
	GlobalSection(SolutionProperties) = preSolution
		HideSolutionNode = FALSE
	EndGlobalSection
	GlobalSection(ExtensibilityGlobals) = postSolution
		SolutionGuid = {899349FE-67D0-4DED-BEF1-18A26BC474B6}
	EndGlobalSection
EndGlobal
